
Microsoft Visual Studio Solution File, Format Version 12.00
# Visual Studio Version 18
VisualStudioVersion = 18.3.11505.172
MinimumVisualStudioVersion = 10.0.40219.1
Project("{FAE04EC0-301F-11D3-BF4B-00C04F79EFBC}") = "Lab02", "Lab02\Lab02.csproj", "{67885B8B-E4AC-4B31-8E1C-04DA24FBEE5F}"
EndProject
Project("{FAE04EC0-301F-11D3-BF4B-00C04F79EFBC}") = "Lab02.Tests", "Lab02.Tests\Lab02.Tests.csproj", "{3A8D7966-ED53-4D2C-A2E7-268B4D4FD0B3}"
EndProject
Global
	GlobalSection(SolutionConfigurationPlatforms) = preSolution
		Debug|Any CPU = Debug|Any CPU
		Release|Any CPU = Release|Any CPU
	EndGlobalSection
	GlobalSection(ProjectConfigurationPlatforms) = postSolution
		{67885B8B-E4AC-4B31-8E1C-04DA24FBEE5F}.Debug|Any CPU.ActiveCfg = Debug|Any CPU
		{67885B8B-E4AC-4B31-8E1C-04DA24FBEE5F}.Debug|Any CPU.Build.0 = Debug|Any CPU
		{67885B8B-E4AC-4B31-8E1C-04DA24FBEE5F}.Release|Any CPU.ActiveCfg = Release|Any CPU
		{67885B8B-E4AC-4B31-8E1C-04DA24FBEE5F}.Release|Any CPU.Build.0 = Release|Any CPU
		{3A8D7966-ED53-4D2C-A2E7-268B4D4FD0B3}.Debug|Any CPU.ActiveCfg = Debug|Any CPU
		{3A8D7966-ED53-4D2C-A2E7-268B4D4FD0B3}.Debug|Any CPU.Build.0 = Debug|Any CPU
		{3A8D7966-ED53-4D2C-A2E7-268B4D4FD0B3}.Release|Any CPU.ActiveCfg = Release|Any CPU
		{3A8D7966-ED53-4D2C-A2E7-268B4D4FD0B3}.Release|Any CPU.Build.0 = Release|Any CPU
	EndGlobalSection
	GlobalSection(SolutionProperties) = preSolution
		HideSolutionNode = FALSE
	EndGlobalSection
	GlobalSection(ExtensibilityGlobals) = postSolution
		SolutionGuid = {7103B6D0-97B0-4169-B5FE-F0337A0BD4B1}
	EndGlobalSection
EndGlobal
